// !$*UTF8*$!
{
	archiveVersion = 1;
	classes = {
	};
	objectVersion = 46;
	objects = {

/* Begin PBXBuildFile section */
		32664FDD1DC954FF00198889 /* AQIIndicator.m in Sources */ = {isa = PBXBuildFile; fileRef = 32664FDC1DC954FF00198889 /* AQIIndicator.m */; };
		32664FDE1DC954FF00198889 /* AQIIndicator.h in CopyFiles */ = {isa = PBXBuildFile; fileRef = 32664FDB1DC954FF00198889 /* AQIIndicator.h */; };
		32664FF61DC9558500198889 /* AQIIndicatorViewManager.m in Sources */ = {isa = PBXBuildFile; fileRef = 32664FF51DC9558500198889 /* AQIIndicatorViewManager.m */; };
/* End PBXBuildFile section */

/* Begin PBXCopyFilesBuildPhase section */
		32664FD61DC954FF00198889 /* CopyFiles */ = {
			isa = PBXCopyFilesBuildPhase;
			buildActionMask = 2147483647;
			dstPath = "include/$(PRODUCT_NAME)";
			dstSubfolderSpec = 16;
			files = (
				32664FDE1DC954FF00198889 /* AQIIndicator.h in CopyFiles */,
			);
			runOnlyForDeploymentPostprocessing = 0;
		};
/* End PBXCopyFilesBuildPhase section */

/* Begin PBXFileReference section */
		32664FD81DC954FF00198889 /* libAQIIndicator.a */ = {isa = PBXFileReference; explicitFileType = archive.ar; includeInIndex = 0; path = libAQIIndicator.a; sourceTree = BUILT_PRODUCTS_DIR; };
		32664FDB1DC954FF00198889 /* AQIIndicator.h */ = {isa = PBXFileReference; lastKnownFileType = sourcecode.c.h; path = AQIIndicator.h; sourceTree = "<group>"; };
		32664FDC1DC954FF00198889 /* AQIIndicator.m */ = {isa = PBXFileReference; lastKnownFileType = sourcecode.c.objc; path = AQIIndicator.m; sourceTree = "<group>"; };
		32664FF41DC9558500198889 /* AQIIndicatorViewManager.h */ = {isa = PBXFileReference; fileEncoding = 4; lastKnownFileType = sourcecode.c.h; path = AQIIndicatorViewManager.h; sourceTree = "<group>"; };
		32664FF51DC9558500198889 /* AQIIndicatorViewManager.m */ = {isa = PBXFileReference; fileEncoding = 4; lastKnownFileType = sourcecode.c.objc; path = AQIIndicatorViewManager.m; sourceTree = "<group>"; };
/* End PBXFileReference section */

/* Begin PBXFrameworksBuildPhase section */
		32664FD51DC954FF00198889 /* Frameworks */ = {
			isa = PBXFrameworksBuildPhase;
			buildActionMask = 2147483647;
			files = (
			);
			runOnlyForDeploymentPostprocessing = 0;
		};
/* End PBXFrameworksBuildPhase section */

/* Begin PBXGroup section */
		32664FCF1DC954FF00198889 = {
			isa = PBXGroup;
			children = (
				32664FDA1DC954FF00198889 /* AQIIndicator */,
				32664FD91DC954FF00198889 /* Products */,
				A4107AE4966748BC8A6B33F0 /* Libraries */,
			);
			sourceTree = "<group>";
		};
		32664FD91DC954FF00198889 /* Products */ = {
			isa = PBXGroup;
			children = (
				32664FD81DC954FF00198889 /* libAQIIndicator.a */,
			);
			name = Products;
			sourceTree = "<group>";
		};
		32664FDA1DC954FF00198889 /* AQIIndicator */ = {
			isa = PBXGroup;
			children = (
				32664FDB1DC954FF00198889 /* AQIIndicator.h */,
				32664FDC1DC954FF00198889 /* AQIIndicator.m */,
				32664FF41DC9558500198889 /* AQIIndicatorViewManager.h */,
				32664FF51DC9558500198889 /* AQIIndicatorViewManager.m */,
			);
			path = AQIIndicator;
			sourceTree = "<group>";
		};
		A4107AE4966748BC8A6B33F0 /* Libraries */ = {
			isa = PBXGroup;
			children = (
			);
			name = Libraries;
			sourceTree = "<group>";
		};
/* End PBXGroup section */

/* Begin PBXNativeTarget section */
		32664FD71DC954FF00198889 /* AQIIndicator */ = {
			isa = PBXNativeTarget;
			buildConfigurationList = 32664FE11DC954FF00198889 /* Build configuration list for PBXNativeTarget "AQIIndicator" */;
			buildPhases = (
				32664FD41DC954FF00198889 /* Sources */,
				32664FD51DC954FF00198889 /* Frameworks */,
				32664FD61DC954FF00198889 /* CopyFiles */,
			);
			buildRules = (
			);
			dependencies = (
			);
			name = AQIIndicator;
			productName = AQIIndicator;
			productReference = 32664FD81DC954FF00198889 /* libAQIIndicator.a */;
			productType = "com.apple.product-type.library.static";
		};
/* End PBXNativeTarget section */

/* Begin PBXProject section */
		32664FD01DC954FF00198889 /* Project object */ = {
			isa = PBXProject;
			attributes = {
				LastUpgradeCheck = 800;
				ORGANIZATIONNAME = "Note B";
				TargetAttributes = {
					32664FD71DC954FF00198889 = {
						CreatedOnToolsVersion = 8.0;
						DevelopmentTeam = G2VUT8PL77;
						ProvisioningStyle = Automatic;
					};
				};
			};
			buildConfigurationList = 32664FD31DC954FF00198889 /* Build configuration list for PBXProject "AQIIndicator" */;
			compatibilityVersion = "Xcode 3.2";
			developmentRegion = English;
			hasScannedForEncodings = 0;
			knownRegions = (
				en,
			);
			mainGroup = 32664FCF1DC954FF00198889;
			productRefGroup = 32664FD91DC954FF00198889 /* Products */;
			projectDirPath = "";
			projectRoot = "";
			targets = (
				32664FD71DC954FF00198889 /* AQIIndicator */,
			);
		};
/* End PBXProject section */

/* Begin PBXSourcesBuildPhase section */
		32664FD41DC954FF00198889 /* Sources */ = {
			isa = PBXSourcesBuildPhase;
			buildActionMask = 2147483647;
			files = (
				32664FF61DC9558500198889 /* AQIIndicatorViewManager.m in Sources */,
				32664FDD1DC954FF00198889 /* AQIIndicator.m in Sources */,
			);
			runOnlyForDeploymentPostprocessing = 0;
		};
/* End PBXSourcesBuildPhase section */

/* Begin XCBuildConfiguration section */
		32664FDF1DC954FF00198889 /* Debug */ = {
			isa = XCBuildConfiguration;
			buildSettings = {
				ALWAYS_SEARCH_USER_PATHS = NO;
				CLANG_ANALYZER_NONNULL = YES;
				CLANG_CXX_LANGUAGE_STANDARD = "gnu++0x";
				CLANG_CXX_LIBRARY = "libc++";
				CLANG_ENABLE_MODULES = YES;
				CLANG_ENABLE_OBJC_ARC = YES;
				CLANG_WARN_BOOL_CONVERSION = YES;
				CLANG_WARN_CONSTANT_CONVERSION = YES;
				CLANG_WARN_DIRECT_OBJC_ISA_USAGE = YES_ERROR;
				CLANG_WARN_DOCUMENTATION_COMMENTS = YES;
				CLANG_WARN_EMPTY_BODY = YES;
				CLANG_WARN_ENUM_CONVERSION = YES;
				CLANG_WARN_INFINITE_RECURSION = YES;
				CLANG_WARN_INT_CONVERSION = YES;
				CLANG_WARN_OBJC_ROOT_CLASS = YES_ERROR;
				CLANG_WARN_SUSPICIOUS_MOVES = YES;
				CLANG_WARN_UNREACHABLE_CODE = YES;
				CLANG_WARN__DUPLICATE_METHOD_MATCH = YES;
				"CODE_SIGN_IDENTITY[sdk=iphoneos*]" = "iPhone Developer";
				COPY_PHASE_STRIP = NO;
				DEBUG_INFORMATION_FORMAT = dwarf;
				ENABLE_STRICT_OBJC_MSGSEND = YES;
				ENABLE_TESTABILITY = YES;
				GCC_C_LANGUAGE_STANDARD = gnu99;
				GCC_DYNAMIC_NO_PIC = NO;
				GCC_NO_COMMON_BLOCKS = YES;
				GCC_OPTIMIZATION_LEVEL = 0;
				GCC_PREPROCESSOR_DEFINITIONS = (
					"DEBUG=1",
					"$(inherited)",
				);
				GCC_WARN_64_TO_32_BIT_CONVERSION = YES;
				GCC_WARN_ABOUT_RETURN_TYPE = YES_ERROR;
				GCC_WARN_UNDECLARED_SELECTOR = YES;
				GCC_WARN_UNINITIALIZED_AUTOS = YES_AGGRESSIVE;
				GCC_WARN_UNUSED_FUNCTION = YES;
				GCC_WARN_UNUSED_VARIABLE = YES;
				IPHONEOS_DEPLOYMENT_TARGET = 10.0;
				MTL_ENABLE_DEBUG_INFO = YES;
				ONLY_ACTIVE_ARCH = YES;
				SDKROOT = iphoneos;
			};
			name = Debug;
		};
		32664FE01DC954FF00198889 /* Release */ = {
			isa = XCBuildConfiguration;
			buildSettings = {
				ALWAYS_SEARCH_USER_PATHS = NO;
				CLANG_ANALYZER_NONNULL = YES;
				CLANG_CXX_LANGUAGE_STANDARD = "gnu++0x";
				CLANG_CXX_LIBRARY = "libc++";
				CLANG_ENABLE_MODULES = YES;
				CLANG_ENABLE_OBJC_ARC = YES;
				CLANG_WARN_BOOL_CONVERSION = YES;
				CLANG_WARN_CONSTANT_CONVERSION = YES;
				CLANG_WARN_DIRECT_OBJC_ISA_USAGE = YES_ERROR;
				CLANG_WARN_DOCUMENTATION_COMMENTS = YES;
				CLANG_WARN_EMPTY_BODY = YES;
				CLANG_WARN_ENUM_CONVERSION = YES;
				CLANG_WARN_INFINITE_RECURSION = YES;
				CLANG_WARN_INT_CONVERSION = YES;
				CLANG_WARN_OBJC_ROOT_CLASS = YES_ERROR;
				CLANG_WARN_SUSPICIOUS_MOVES = YES;
				CLANG_WARN_UNREACHABLE_CODE = YES;
				CLANG_WARN__DUPLICATE_METHOD_MATCH = YES;
				"CODE_SIGN_IDENTITY[sdk=iphoneos*]" = "iPhone Developer";
				COPY_PHASE_STRIP = NO;
				DEBUG_INFORMATION_FORMAT = "dwarf-with-dsym";
				ENABLE_NS_ASSERTIONS = NO;
				ENABLE_STRICT_OBJC_MSGSEND = YES;
				GCC_C_LANGUAGE_STANDARD = gnu99;
				GCC_NO_COMMON_BLOCKS = YES;
				GCC_WARN_64_TO_32_BIT_CONVERSION = YES;
				GCC_WARN_ABOUT_RETURN_TYPE = YES_ERROR;
				GCC_WARN_UNDECLARED_SELECTOR = YES;
				GCC_WARN_UNINITIALIZED_AUTOS = YES_AGGRESSIVE;
				GCC_WARN_UNUSED_FUNCTION = YES;
				GCC_WARN_UNUSED_VARIABLE = YES;
				IPHONEOS_DEPLOYMENT_TARGET = 10.0;
				MTL_ENABLE_DEBUG_INFO = NO;
				SDKROOT = iphoneos;
				VALIDATE_PRODUCT = YES;
			};
			name = Release;
		};
		32664FE21DC954FF00198889 /* Debug */ = {
			isa = XCBuildConfiguration;
			buildSettings = {
				DEVELOPMENT_TEAM = G2VUT8PL77;
				HEADER_SEARCH_PATHS = "$(SRCROOT)/../../node_modules/react-native/React/**";
				LIBRARY_SEARCH_PATHS = (
					"$(inherited)",
					"\"$(SRCROOT)/$(TARGET_NAME)\"",
					"\"$(SRCROOT)/$(TARGET_NAME)\"",
					"\"$(SRCROOT)/$(TARGET_NAME)\"",
				);
				OTHER_LDFLAGS = "-ObjC";
				PRODUCT_NAME = "$(TARGET_NAME)";
				SKIP_INSTALL = YES;
			};
			name = Debug;
		};
		32664FE31DC954FF00198889 /* Release */ = {
			isa = XCBuildConfiguration;
			buildSettings = {
				DEVELOPMENT_TEAM = G2VUT8PL77;
				HEADER_SEARCH_PATHS = "$(SRCROOT)/../../node_modules/react-native/React/**";
				LIBRARY_SEARCH_PATHS = (
					"$(inherited)",
					"\"$(SRCROOT)/$(TARGET_NAME)\"",
					"\"$(SRCROOT)/$(TARGET_NAME)\"",
					"\"$(SRCROOT)/$(TARGET_NAME)\"",
				);
				OTHER_LDFLAGS = "-ObjC";
				PRODUCT_NAME = "$(TARGET_NAME)";
				SKIP_INSTALL = YES;
			};
			name = Release;
		};
/* End XCBuildConfiguration section */

/* Begin XCConfigurationList section */
		32664FD31DC954FF00198889 /* Build configuration list for PBXProject "AQIIndicator" */ = {
			isa = XCConfigurationList;
			buildConfigurations = (
				32664FDF1DC954FF00198889 /* Debug */,
				32664FE01DC954FF00198889 /* Release */,
			);
			defaultConfigurationIsVisible = 0;
			defaultConfigurationName = Release;
		};
		32664FE11DC954FF00198889 /* Build configuration list for PBXNativeTarget "AQIIndicator" */ = {
			isa = XCConfigurationList;
			buildConfigurations = (
				32664FE21DC954FF00198889 /* Debug */,
				32664FE31DC954FF00198889 /* Release */,
			);
			defaultConfigurationIsVisible = 0;
			defaultConfigurationName = Release;
		};
/* End XCConfigurationList section */
	};
	rootObject = 32664FD01DC954FF00198889 /* Project object */;
}
